
Microsoft Visual Studio Solution File, Format Version 12.00
# Visual Studio Version 17
VisualStudioVersion = 17.8.34511.84
MinimumVisualStudioVersion = 10.0.40219.1
Project("{FAE04EC0-301F-11D3-BF4B-00C04F79EFBC}") = "AS2324.Guardabascio.Riccardo.3G.Rubrica", "AS2324.Guardabascio.Riccardo.3G.Rubrica.csproj", "{8CFC23E5-D18F-489E-8F1B-A74D1817F327}"
EndProject
Global
	GlobalSection(SolutionConfigurationPlatforms) = preSolution
		Debug|Any CPU = Debug|Any CPU
		Release|Any CPU = Release|Any CPU
	EndGlobalSection
	GlobalSection(ProjectConfigurationPlatforms) = postSolution
		{8CFC23E5-D18F-489E-8F1B-A74D1817F327}.Debug|Any CPU.ActiveCfg = Debug|Any CPU
		{8CFC23E5-D18F-489E-8F1B-A74D1817F327}.Debug|Any CPU.Build.0 = Debug|Any CPU
		{8CFC23E5-D18F-489E-8F1B-A74D1817F327}.Release|Any CPU.ActiveCfg = Release|Any CPU
		{8CFC23E5-D18F-489E-8F1B-A74D1817F327}.Release|Any CPU.Build.0 = Release|Any CPU
	EndGlobalSection
	GlobalSection(SolutionProperties) = preSolution
		HideSolutionNode = FALSE
	EndGlobalSection
	GlobalSection(ExtensibilityGlobals) = postSolution
		SolutionGuid = {024193E9-854B-4AE2-8F46-EF3CAB9583C6}
	EndGlobalSection
EndGlobal
